
Microsoft Visual Studio Solution File, Format Version 12.00
# Visual Studio Version 17
VisualStudioVersion = 17.8.34330.188
MinimumVisualStudioVersion = 10.0.40219.1
Project("{FAE04EC0-301F-11D3-BF4B-00C04F79EFBC}") = "SSLCommerz.NetCore", "SSLCommerz.NetCore.csproj", "{9D310127-FF12-4AD1-AAF0-4F7A72356399}"
EndProject
Global
	GlobalSection(SolutionConfigurationPlatforms) = preSolution
		Debug|Any CPU = Debug|Any CPU
		Release|Any CPU = Release|Any CPU
	EndGlobalSection
	GlobalSection(ProjectConfigurationPlatforms) = postSolution
		{9D310127-FF12-4AD1-AAF0-4F7A72356399}.Debug|Any CPU.ActiveCfg = Debug|Any CPU
		{9D310127-FF12-4AD1-AAF0-4F7A72356399}.Debug|Any CPU.Build.0 = Debug|Any CPU
		{9D310127-FF12-4AD1-AAF0-4F7A72356399}.Release|Any CPU.ActiveCfg = Release|Any CPU
		{9D310127-FF12-4AD1-AAF0-4F7A72356399}.Release|Any CPU.Build.0 = Release|Any CPU
	EndGlobalSection
	GlobalSection(SolutionProperties) = preSolution
		HideSolutionNode = FALSE
	EndGlobalSection
	GlobalSection(ExtensibilityGlobals) = postSolution
		SolutionGuid = {AE0973B9-AD28-4359-A963-A2C0EB562F91}
	EndGlobalSection
EndGlobal
